
Microsoft Visual Studio Solution File, Format Version 12.00
# Visual Studio Version 16
VisualStudioVersion = 16.0.29409.12
MinimumVisualStudioVersion = 10.0.40219.1
Project("{2150E333-8FDC-42A3-9474-1A3956D46DE8}") = "Solution Items", "Solution Items", "{7DE247C4-D748-435A-B12A-842745840BA1}"
	ProjectSection(SolutionItems) = preProject
		.gitattributes = .gitattributes
		.gitignore = .gitignore
		LICENSE = LICENSE
		README.md = README.md
	EndProjectSection
EndProject
Project("{2150E333-8FDC-42A3-9474-1A3956D46DE8}") = "src", "src", "{9BC5F307-4892-41B9-A289-BF9194AF03A9}"
EndProject
Project("{2150E333-8FDC-42A3-9474-1A3956D46DE8}") = "tests", "tests", "{003A06FC-C989-48E1-9DA7-F206E419F0B6}"
EndProject
Project("{2150E333-8FDC-42A3-9474-1A3956D46DE8}") = ".StyleCop", ".StyleCop", "{DB8C7A6F-8C93-4D5B-8D8D-0A77F5BFE130}"
	ProjectSection(SolutionItems) = preProject
		.StyleCop\CodeAnalysisDictionary.xml = .StyleCop\CodeAnalysisDictionary.xml
		.StyleCop\Drexel.Arguments.ruleset = .StyleCop\Drexel.Arguments.ruleset
		.StyleCop\Drexel.Arguments.Tests.ruleset = .StyleCop\Drexel.Arguments.Tests.ruleset
		.StyleCop\stylecop.json = .StyleCop\stylecop.json
	EndProjectSection
EndProject
Project("{9A19103F-16F7-4668-BE54-9A1E7A4F7556}") = "Drexel.Arguments", "src\Drexel.Arguments\Drexel.Arguments.csproj", "{1A6CBAEC-6309-44EC-AA9A-09389023A9DF}"
EndProject
Project("{FAE04EC0-301F-11D3-BF4B-00C04F79EFBC}") = "Sandbox.Core", "tests\Sandbox.Core\Sandbox.Core.csproj", "{4EDDBAC9-1649-4E80-B244-D0F88B98C7CC}"
EndProject
Project("{FAE04EC0-301F-11D3-BF4B-00C04F79EFBC}") = "Sandbox.Framework", "tests\Sandbox.Framework\Sandbox.Framework.csproj", "{4E8A6D97-B62F-421C-8DEA-76DD5DEDF7E3}"
EndProject
Global
	GlobalSection(SolutionConfigurationPlatforms) = preSolution
		Debug|Any CPU = Debug|Any CPU
		Release|Any CPU = Release|Any CPU
	EndGlobalSection
	GlobalSection(ProjectConfigurationPlatforms) = postSolution
		{1A6CBAEC-6309-44EC-AA9A-09389023A9DF}.Debug|Any CPU.ActiveCfg = Debug|Any CPU
		{1A6CBAEC-6309-44EC-AA9A-09389023A9DF}.Debug|Any CPU.Build.0 = Debug|Any CPU
		{1A6CBAEC-6309-44EC-AA9A-09389023A9DF}.Release|Any CPU.ActiveCfg = Release|Any CPU
		{1A6CBAEC-6309-44EC-AA9A-09389023A9DF}.Release|Any CPU.Build.0 = Release|Any CPU
		{4EDDBAC9-1649-4E80-B244-D0F88B98C7CC}.Debug|Any CPU.ActiveCfg = Debug|Any CPU
		{4EDDBAC9-1649-4E80-B244-D0F88B98C7CC}.Debug|Any CPU.Build.0 = Debug|Any CPU
		{4EDDBAC9-1649-4E80-B244-D0F88B98C7CC}.Release|Any CPU.ActiveCfg = Release|Any CPU
		{4EDDBAC9-1649-4E80-B244-D0F88B98C7CC}.Release|Any CPU.Build.0 = Release|Any CPU
		{4E8A6D97-B62F-421C-8DEA-76DD5DEDF7E3}.Debug|Any CPU.ActiveCfg = Debug|Any CPU
		{4E8A6D97-B62F-421C-8DEA-76DD5DEDF7E3}.Debug|Any CPU.Build.0 = Debug|Any CPU
		{4E8A6D97-B62F-421C-8DEA-76DD5DEDF7E3}.Release|Any CPU.ActiveCfg = Release|Any CPU
		{4E8A6D97-B62F-421C-8DEA-76DD5DEDF7E3}.Release|Any CPU.Build.0 = Release|Any CPU
	EndGlobalSection
	GlobalSection(SolutionProperties) = preSolution
		HideSolutionNode = FALSE
	EndGlobalSection
	GlobalSection(NestedProjects) = preSolution
		{DB8C7A6F-8C93-4D5B-8D8D-0A77F5BFE130} = {7DE247C4-D748-435A-B12A-842745840BA1}
		{1A6CBAEC-6309-44EC-AA9A-09389023A9DF} = {9BC5F307-4892-41B9-A289-BF9194AF03A9}
		{4EDDBAC9-1649-4E80-B244-D0F88B98C7CC} = {003A06FC-C989-48E1-9DA7-F206E419F0B6}
		{4E8A6D97-B62F-421C-8DEA-76DD5DEDF7E3} = {003A06FC-C989-48E1-9DA7-F206E419F0B6}
	EndGlobalSection
	GlobalSection(ExtensibilityGlobals) = postSolution
		SolutionGuid = {A6A2452A-D671-4828-96DF-201B033E990A}
	EndGlobalSection
EndGlobal
